// !$*UTF8*$!
{
	archiveVersion = 1;
	classes = {
	};
	objectVersion = 46;
	objects = {

/* Begin PBXBuildFile section */
		0A1CFF0814E502D200FCE2EA /* UIKit.framework in Frameworks */ = {isa = PBXBuildFile; fileRef = 0A1CFF0714E502D200FCE2EA /* UIKit.framework */; };
		0A1CFF0A14E502D200FCE2EA /* Foundation.framework in Frameworks */ = {isa = PBXBuildFile; fileRef = 0A1CFF0914E502D200FCE2EA /* Foundation.framework */; };
		0A1CFF0C14E502D200FCE2EA /* CoreGraphics.framework in Frameworks */ = {isa = PBXBuildFile; fileRef = 0A1CFF0B14E502D200FCE2EA /* CoreGraphics.framework */; };
		0A1CFF1414E502D200FCE2EA /* main.m in Sources */ = {isa = PBXBuildFile; fileRef = 0A1CFF1314E502D200FCE2EA /* main.m */; };
		0A1CFF1814E502D200FCE2EA /* AppDelegate.m in Sources */ = {isa = PBXBuildFile; fileRef = 0A1CFF1714E502D200FCE2EA /* AppDelegate.m */; };
		0A1CFF2614E507BA00FCE2EA /* InfoPlist.strings in Resources */ = {isa = PBXBuildFile; fileRef = 0A1CFF2514E507BA00FCE2EA /* InfoPlist.strings */; };
		0A1CFF2914E508AB00FCE2EA /* MainView.xib in Resources */ = {isa = PBXBuildFile; fileRef = 0A1CFF2814E508AB00FCE2EA /* MainView.xib */; };
		0A1CFF3C14E5140100FCE2EA /* BaseController.m in Sources */ = {isa = PBXBuildFile; fileRef = 0A1CFF3B14E5140100FCE2EA /* BaseController.m */; };
		0AAF3EC214EE73AE004F2A1D /* CFNetwork.framework in Frameworks */ = {isa = PBXBuildFile; fileRef = 0AAF3EC114EE73AE004F2A1D /* CFNetwork.framework */; };
		0AAF3EC414EE73C0004F2A1D /* SystemConfiguration.framework in Frameworks */ = {isa = PBXBuildFile; fileRef = 0AAF3EC314EE73C0004F2A1D /* SystemConfiguration.framework */; };
		0AAF3EC614EE73C9004F2A1D /* MobileCoreServices.framework in Frameworks */ = {isa = PBXBuildFile; fileRef = 0AAF3EC514EE73C9004F2A1D /* MobileCoreServices.framework */; };
		0AAF3EC814EE73EE004F2A1D /* libz.dylib in Frameworks */ = {isa = PBXBuildFile; fileRef = 0AAF3EC714EE73EE004F2A1D /* libz.dylib */; };
		0AAF3F2114EE7571004F2A1D /* ASIAuthenticationDialog.m in Sources */ = {isa = PBXBuildFile; fileRef = 0AAF3ED014EE7571004F2A1D /* ASIAuthenticationDialog.m */; };
		0AAF3F2214EE7571004F2A1D /* ASIDataCompressor.m in Sources */ = {isa = PBXBuildFile; fileRef = 0AAF3ED314EE7571004F2A1D /* ASIDataCompressor.m */; };
		0AAF3F2314EE7571004F2A1D /* ASIDataDecompressor.m in Sources */ = {isa = PBXBuildFile; fileRef = 0AAF3ED514EE7571004F2A1D /* ASIDataDecompressor.m */; };
		0AAF3F2414EE7571004F2A1D /* ASIDownloadCache.m in Sources */ = {isa = PBXBuildFile; fileRef = 0AAF3ED714EE7571004F2A1D /* ASIDownloadCache.m */; };
		0AAF3F2514EE7571004F2A1D /* ASIFormDataRequest.m in Sources */ = {isa = PBXBuildFile; fileRef = 0AAF3ED914EE7571004F2A1D /* ASIFormDataRequest.m */; };
		0AAF3F2614EE7571004F2A1D /* ASIHTTPRequest.m in Sources */ = {isa = PBXBuildFile; fileRef = 0AAF3EDB14EE7571004F2A1D /* ASIHTTPRequest.m */; };
		0AAF3F2714EE7571004F2A1D /* ASIInputStream.m in Sources */ = {isa = PBXBuildFile; fileRef = 0AAF3EDF14EE7571004F2A1D /* ASIInputStream.m */; };
		0AAF3F2814EE7571004F2A1D /* ASINetworkQueue.m in Sources */ = {isa = PBXBuildFile; fileRef = 0AAF3EE114EE7571004F2A1D /* ASINetworkQueue.m */; };
		0AAF3F4914EE757D004F2A1D /* Reachability.m in Sources */ = {isa = PBXBuildFile; fileRef = 0AAF3F4814EE757D004F2A1D /* Reachability.m */; };
/* End PBXBuildFile section */

/* Begin PBXFileReference section */
		0A1CFF0314E502D200FCE2EA /* PostIMKayac.app */ = {isa = PBXFileReference; explicitFileType = wrapper.application; includeInIndex = 0; path = PostIMKayac.app; sourceTree = BUILT_PRODUCTS_DIR; };
		0A1CFF0714E502D200FCE2EA /* UIKit.framework */ = {isa = PBXFileReference; lastKnownFileType = wrapper.framework; name = UIKit.framework; path = System/Library/Frameworks/UIKit.framework; sourceTree = SDKROOT; };
		0A1CFF0914E502D200FCE2EA /* Foundation.framework */ = {isa = PBXFileReference; lastKnownFileType = wrapper.framework; name = Foundation.framework; path = System/Library/Frameworks/Foundation.framework; sourceTree = SDKROOT; };
		0A1CFF0B14E502D200FCE2EA /* CoreGraphics.framework */ = {isa = PBXFileReference; lastKnownFileType = wrapper.framework; name = CoreGraphics.framework; path = System/Library/Frameworks/CoreGraphics.framework; sourceTree = SDKROOT; };
		0A1CFF0F14E502D200FCE2EA /* Info.plist */ = {isa = PBXFileReference; lastKnownFileType = text.plist.xml; path = Info.plist; sourceTree = "<group>"; };
		0A1CFF1314E502D200FCE2EA /* main.m */ = {isa = PBXFileReference; lastKnownFileType = sourcecode.c.objc; name = main.m; path = src/main.m; sourceTree = "<group>"; };
		0A1CFF1614E502D200FCE2EA /* AppDelegate.h */ = {isa = PBXFileReference; lastKnownFileType = sourcecode.c.h; name = AppDelegate.h; path = src/AppDelegate.h; sourceTree = "<group>"; };
		0A1CFF1714E502D200FCE2EA /* AppDelegate.m */ = {isa = PBXFileReference; lastKnownFileType = sourcecode.c.objc; name = AppDelegate.m; path = src/AppDelegate.m; sourceTree = "<group>"; };
		0A1CFF2514E507BA00FCE2EA /* InfoPlist.strings */ = {isa = PBXFileReference; fileEncoding = 4; lastKnownFileType = text.plist.strings; path = InfoPlist.strings; sourceTree = "<group>"; };
		0A1CFF2714E507FD00FCE2EA /* common.h */ = {isa = PBXFileReference; fileEncoding = 4; lastKnownFileType = sourcecode.c.h; name = common.h; path = src/common.h; sourceTree = "<group>"; };
		0A1CFF2814E508AB00FCE2EA /* MainView.xib */ = {isa = PBXFileReference; fileEncoding = 4; lastKnownFileType = file.xib; name = MainView.xib; path = resource/view/MainView.xib; sourceTree = "<group>"; };
		0A1CFF3A14E5140100FCE2EA /* BaseController.h */ = {isa = PBXFileReference; fileEncoding = 4; lastKnownFileType = sourcecode.c.h; name = BaseController.h; path = src/controller/BaseController.h; sourceTree = "<group>"; };
		0A1CFF3B14E5140100FCE2EA /* BaseController.m */ = {isa = PBXFileReference; fileEncoding = 4; lastKnownFileType = sourcecode.c.objc; name = BaseController.m; path = src/controller/BaseController.m; sourceTree = "<group>"; };
		0AAF3EC114EE73AE004F2A1D /* CFNetwork.framework */ = {isa = PBXFileReference; lastKnownFileType = wrapper.framework; name = CFNetwork.framework; path = System/Library/Frameworks/CFNetwork.framework; sourceTree = SDKROOT; };
		0AAF3EC314EE73C0004F2A1D /* SystemConfiguration.framework */ = {isa = PBXFileReference; lastKnownFileType = wrapper.framework; name = SystemConfiguration.framework; path = System/Library/Frameworks/SystemConfiguration.framework; sourceTree = SDKROOT; };
		0AAF3EC514EE73C9004F2A1D /* MobileCoreServices.framework */ = {isa = PBXFileReference; lastKnownFileType = wrapper.framework; name = MobileCoreServices.framework; path = System/Library/Frameworks/MobileCoreServices.framework; sourceTree = SDKROOT; };
		0AAF3EC714EE73EE004F2A1D /* libz.dylib */ = {isa = PBXFileReference; lastKnownFileType = "compiled.mach-o.dylib"; name = libz.dylib; path = usr/lib/libz.dylib; sourceTree = SDKROOT; };
		0AAF3ECF14EE7571004F2A1D /* ASIAuthenticationDialog.h */ = {isa = PBXFileReference; fileEncoding = 4; lastKnownFileType = sourcecode.c.h; name = ASIAuthenticationDialog.h; path = lib/ASIHTTPRequest/Classes/ASIAuthenticationDialog.h; sourceTree = "<group>"; };
		0AAF3ED014EE7571004F2A1D /* ASIAuthenticationDialog.m */ = {isa = PBXFileReference; fileEncoding = 4; lastKnownFileType = sourcecode.c.objc; name = ASIAuthenticationDialog.m; path = lib/ASIHTTPRequest/Classes/ASIAuthenticationDialog.m; sourceTree = "<group>"; };
		0AAF3ED114EE7571004F2A1D /* ASICacheDelegate.h */ = {isa = PBXFileReference; fileEncoding = 4; lastKnownFileType = sourcecode.c.h; name = ASICacheDelegate.h; path = lib/ASIHTTPRequest/Classes/ASICacheDelegate.h; sourceTree = "<group>"; };
		0AAF3ED214EE7571004F2A1D /* ASIDataCompressor.h */ = {isa = PBXFileReference; fileEncoding = 4; lastKnownFileType = sourcecode.c.h; name = ASIDataCompressor.h; path = lib/ASIHTTPRequest/Classes/ASIDataCompressor.h; sourceTree = "<group>"; };
		0AAF3ED314EE7571004F2A1D /* ASIDataCompressor.m */ = {isa = PBXFileReference; fileEncoding = 4; lastKnownFileType = sourcecode.c.objc; name = ASIDataCompressor.m; path = lib/ASIHTTPRequest/Classes/ASIDataCompressor.m; sourceTree = "<group>"; };
		0AAF3ED414EE7571004F2A1D /* ASIDataDecompressor.h */ = {isa = PBXFileReference; fileEncoding = 4; lastKnownFileType = sourcecode.c.h; name = ASIDataDecompressor.h; path = lib/ASIHTTPRequest/Classes/ASIDataDecompressor.h; sourceTree = "<group>"; };
		0AAF3ED514EE7571004F2A1D /* ASIDataDecompressor.m */ = {isa = PBXFileReference; fileEncoding = 4; lastKnownFileType = sourcecode.c.objc; name = ASIDataDecompressor.m; path = lib/ASIHTTPRequest/Classes/ASIDataDecompressor.m; sourceTree = "<group>"; };
		0AAF3ED614EE7571004F2A1D /* ASIDownloadCache.h */ = {isa = PBXFileReference; fileEncoding = 4; lastKnownFileType = sourcecode.c.h; name = ASIDownloadCache.h; path = lib/ASIHTTPRequest/Classes/ASIDownloadCache.h; sourceTree = "<group>"; };
		0AAF3ED714EE7571004F2A1D /* ASIDownloadCache.m */ = {isa = PBXFileReference; fileEncoding = 4; lastKnownFileType = sourcecode.c.objc; name = ASIDownloadCache.m; path = lib/ASIHTTPRequest/Classes/ASIDownloadCache.m; sourceTree = "<group>"; };
		0AAF3ED814EE7571004F2A1D /* ASIFormDataRequest.h */ = {isa = PBXFileReference; fileEncoding = 4; lastKnownFileType = sourcecode.c.h; name = ASIFormDataRequest.h; path = lib/ASIHTTPRequest/Classes/ASIFormDataRequest.h; sourceTree = "<group>"; };
		0AAF3ED914EE7571004F2A1D /* ASIFormDataRequest.m */ = {isa = PBXFileReference; fileEncoding = 4; lastKnownFileType = sourcecode.c.objc; name = ASIFormDataRequest.m; path = lib/ASIHTTPRequest/Classes/ASIFormDataRequest.m; sourceTree = "<group>"; };
		0AAF3EDA14EE7571004F2A1D /* ASIHTTPRequest.h */ = {isa = PBXFileReference; fileEncoding = 4; lastKnownFileType = sourcecode.c.h; name = ASIHTTPRequest.h; path = lib/ASIHTTPRequest/Classes/ASIHTTPRequest.h; sourceTree = "<group>"; };
		0AAF3EDB14EE7571004F2A1D /* ASIHTTPRequest.m */ = {isa = PBXFileReference; fileEncoding = 4; lastKnownFileType = sourcecode.c.objc; name = ASIHTTPRequest.m; path = lib/ASIHTTPRequest/Classes/ASIHTTPRequest.m; sourceTree = "<group>"; };
		0AAF3EDC14EE7571004F2A1D /* ASIHTTPRequestConfig.h */ = {isa = PBXFileReference; fileEncoding = 4; lastKnownFileType = sourcecode.c.h; name = ASIHTTPRequestConfig.h; path = lib/ASIHTTPRequest/Classes/ASIHTTPRequestConfig.h; sourceTree = "<group>"; };
		0AAF3EDD14EE7571004F2A1D /* ASIHTTPRequestDelegate.h */ = {isa = PBXFileReference; fileEncoding = 4; lastKnownFileType = sourcecode.c.h; name = ASIHTTPRequestDelegate.h; path = lib/ASIHTTPRequest/Classes/ASIHTTPRequestDelegate.h; sourceTree = "<group>"; };
		0AAF3EDE14EE7571004F2A1D /* ASIInputStream.h */ = {isa = PBXFileReference; fileEncoding = 4; lastKnownFileType = sourcecode.c.h; name = ASIInputStream.h; path = lib/ASIHTTPRequest/Classes/ASIInputStream.h; sourceTree = "<group>"; };
		0AAF3EDF14EE7571004F2A1D /* ASIInputStream.m */ = {isa = PBXFileReference; fileEncoding = 4; lastKnownFileType = sourcecode.c.objc; name = ASIInputStream.m; path = lib/ASIHTTPRequest/Classes/ASIInputStream.m; sourceTree = "<group>"; };
		0AAF3EE014EE7571004F2A1D /* ASINetworkQueue.h */ = {isa = PBXFileReference; fileEncoding = 4; lastKnownFileType = sourcecode.c.h; name = ASINetworkQueue.h; path = lib/ASIHTTPRequest/Classes/ASINetworkQueue.h; sourceTree = "<group>"; };
		0AAF3EE114EE7571004F2A1D /* ASINetworkQueue.m */ = {isa = PBXFileReference; fileEncoding = 4; lastKnownFileType = sourcecode.c.objc; name = ASINetworkQueue.m; path = lib/ASIHTTPRequest/Classes/ASINetworkQueue.m; sourceTree = "<group>"; };
		0AAF3EE214EE7571004F2A1D /* ASIProgressDelegate.h */ = {isa = PBXFileReference; fileEncoding = 4; lastKnownFileType = sourcecode.c.h; name = ASIProgressDelegate.h; path = lib/ASIHTTPRequest/Classes/ASIProgressDelegate.h; sourceTree = "<group>"; };
		0AAF3F4714EE757D004F2A1D /* Reachability.h */ = {isa = PBXFileReference; fileEncoding = 4; lastKnownFileType = sourcecode.c.h; path = Reachability.h; sourceTree = "<group>"; };
		0AAF3F4814EE757D004F2A1D /* Reachability.m */ = {isa = PBXFileReference; fileEncoding = 4; lastKnownFileType = sourcecode.c.objc; path = Reachability.m; sourceTree = "<group>"; };
/* End PBXFileReference section */

/* Begin PBXFrameworksBuildPhase section */
		0A1CFF0014E502D200FCE2EA /* Frameworks */ = {
			isa = PBXFrameworksBuildPhase;
			buildActionMask = 2147483647;
			files = (
				0AAF3EC814EE73EE004F2A1D /* libz.dylib in Frameworks */,
				0A1CFF0C14E502D200FCE2EA /* CoreGraphics.framework in Frameworks */,
				0AAF3EC614EE73C9004F2A1D /* MobileCoreServices.framework in Frameworks */,
				0AAF3EC414EE73C0004F2A1D /* SystemConfiguration.framework in Frameworks */,
				0AAF3EC214EE73AE004F2A1D /* CFNetwork.framework in Frameworks */,
				0A1CFF0814E502D200FCE2EA /* UIKit.framework in Frameworks */,
				0A1CFF0A14E502D200FCE2EA /* Foundation.framework in Frameworks */,
			);
			runOnlyForDeploymentPostprocessing = 0;
		};
/* End PBXFrameworksBuildPhase section */

/* Begin PBXGroup section */
		0A1CFEF814E502D200FCE2EA = {
			isa = PBXGroup;
			children = (
				0A1CFF2414E5032500FCE2EA /* lib */,
				0A1CFF2114E5030700FCE2EA /* resource */,
				0A1CFF1E14E502E200FCE2EA /* src */,
				0A1CFF0614E502D200FCE2EA /* Frameworks */,
				0A1CFF0414E502D200FCE2EA /* Products */,
				0A1CFF0F14E502D200FCE2EA /* Info.plist */,
				0A1CFF2514E507BA00FCE2EA /* InfoPlist.strings */,
			);
			sourceTree = "<group>";
		};
		0A1CFF0414E502D200FCE2EA /* Products */ = {
			isa = PBXGroup;
			children = (
				0A1CFF0314E502D200FCE2EA /* PostIMKayac.app */,
			);
			name = Products;
			sourceTree = "<group>";
		};
		0A1CFF0614E502D200FCE2EA /* Frameworks */ = {
			isa = PBXGroup;
			children = (
				0AAF3EC714EE73EE004F2A1D /* libz.dylib */,
				0AAF3EC514EE73C9004F2A1D /* MobileCoreServices.framework */,
				0AAF3EC314EE73C0004F2A1D /* SystemConfiguration.framework */,
				0AAF3EC114EE73AE004F2A1D /* CFNetwork.framework */,
				0A1CFF0714E502D200FCE2EA /* UIKit.framework */,
				0A1CFF0914E502D200FCE2EA /* Foundation.framework */,
				0A1CFF0B14E502D200FCE2EA /* CoreGraphics.framework */,
			);
			name = Frameworks;
			sourceTree = "<group>";
		};
		0A1CFF1E14E502E200FCE2EA /* src */ = {
			isa = PBXGroup;
			children = (
				0A1CFF1F14E502EE00FCE2EA /* controller */,
				0A1CFF2014E502F800FCE2EA /* model */,
				0A1CFF2714E507FD00FCE2EA /* common.h */,
				0A1CFF1314E502D200FCE2EA /* main.m */,
				0A1CFF1614E502D200FCE2EA /* AppDelegate.h */,
				0A1CFF1714E502D200FCE2EA /* AppDelegate.m */,
			);
			name = src;
			sourceTree = "<group>";
		};
		0A1CFF1F14E502EE00FCE2EA /* controller */ = {
			isa = PBXGroup;
			children = (
				0A1CFF3A14E5140100FCE2EA /* BaseController.h */,
				0A1CFF3B14E5140100FCE2EA /* BaseController.m */,
			);
			name = controller;
			sourceTree = "<group>";
		};
		0A1CFF2014E502F800FCE2EA /* model */ = {
			isa = PBXGroup;
			children = (
			);
			name = model;
			sourceTree = "<group>";
		};
		0A1CFF2114E5030700FCE2EA /* resource */ = {
			isa = PBXGroup;
			children = (
				0A1CFF2314E5031800FCE2EA /* image */,
				0A1CFF2214E5031000FCE2EA /* view */,
			);
			name = resource;
			sourceTree = "<group>";
		};
		0A1CFF2214E5031000FCE2EA /* view */ = {
			isa = PBXGroup;
			children = (
				0A1CFF2814E508AB00FCE2EA /* MainView.xib */,
			);
			name = view;
			sourceTree = "<group>";
		};
		0A1CFF2314E5031800FCE2EA /* image */ = {
			isa = PBXGroup;
			children = (
			);
			name = image;
			sourceTree = "<group>";
		};
		0A1CFF2414E5032500FCE2EA /* lib */ = {
			isa = PBXGroup;
			children = (
				0AAF3ECF14EE7571004F2A1D /* ASIAuthenticationDialog.h */,
				0AAF3ED014EE7571004F2A1D /* ASIAuthenticationDialog.m */,
				0AAF3ED114EE7571004F2A1D /* ASICacheDelegate.h */,
				0AAF3ED214EE7571004F2A1D /* ASIDataCompressor.h */,
				0AAF3ED314EE7571004F2A1D /* ASIDataCompressor.m */,
				0AAF3ED414EE7571004F2A1D /* ASIDataDecompressor.h */,
				0AAF3ED514EE7571004F2A1D /* ASIDataDecompressor.m */,
				0AAF3ED614EE7571004F2A1D /* ASIDownloadCache.h */,
				0AAF3ED714EE7571004F2A1D /* ASIDownloadCache.m */,
				0AAF3ED814EE7571004F2A1D /* ASIFormDataRequest.h */,
				0AAF3ED914EE7571004F2A1D /* ASIFormDataRequest.m */,
				0AAF3EDA14EE7571004F2A1D /* ASIHTTPRequest.h */,
				0AAF3EDB14EE7571004F2A1D /* ASIHTTPRequest.m */,
				0AAF3EDC14EE7571004F2A1D /* ASIHTTPRequestConfig.h */,
				0AAF3EDD14EE7571004F2A1D /* ASIHTTPRequestDelegate.h */,
				0AAF3EDE14EE7571004F2A1D /* ASIInputStream.h */,
				0AAF3EDF14EE7571004F2A1D /* ASIInputStream.m */,
				0AAF3EE014EE7571004F2A1D /* ASINetworkQueue.h */,
				0AAF3EE114EE7571004F2A1D /* ASINetworkQueue.m */,
				0AAF3EE214EE7571004F2A1D /* ASIProgressDelegate.h */,
				0AAF3F4614EE757D004F2A1D /* Reachability */,
			);
			name = lib;
			sourceTree = "<group>";
		};
		0AAF3F4614EE757D004F2A1D /* Reachability */ = {
			isa = PBXGroup;
			children = (
				0AAF3F4714EE757D004F2A1D /* Reachability.h */,
				0AAF3F4814EE757D004F2A1D /* Reachability.m */,
			);
			name = Reachability;
			path = lib/ASIHTTPRequest/External/Reachability;
			sourceTree = "<group>";
		};
/* End PBXGroup section */

/* Begin PBXNativeTarget section */
		0A1CFF0214E502D200FCE2EA /* PostIMKayac */ = {
			isa = PBXNativeTarget;
			buildConfigurationList = 0A1CFF1B14E502D200FCE2EA /* Build configuration list for PBXNativeTarget "PostIMKayac" */;
			buildPhases = (
				0A1CFEFF14E502D200FCE2EA /* Sources */,
				0A1CFF0014E502D200FCE2EA /* Frameworks */,
				0A1CFF0114E502D200FCE2EA /* Resources */,
			);
			buildRules = (
			);
			dependencies = (
			);
			name = PostIMKayac;
			productName = PostIMKayac;
			productReference = 0A1CFF0314E502D200FCE2EA /* PostIMKayac.app */;
			productType = "com.apple.product-type.application";
		};
/* End PBXNativeTarget section */

/* Begin PBXProject section */
		0A1CFEFA14E502D200FCE2EA /* Project object */ = {
			isa = PBXProject;
			attributes = {
				LastUpgradeCheck = 0420;
			};
			buildConfigurationList = 0A1CFEFD14E502D200FCE2EA /* Build configuration list for PBXProject "PostIMKayac" */;
			compatibilityVersion = "Xcode 3.2";
			developmentRegion = English;
			hasScannedForEncodings = 0;
			knownRegions = (
				en,
			);
			mainGroup = 0A1CFEF814E502D200FCE2EA;
			productRefGroup = 0A1CFF0414E502D200FCE2EA /* Products */;
			projectDirPath = "";
			projectRoot = "";
			targets = (
				0A1CFF0214E502D200FCE2EA /* PostIMKayac */,
			);
		};
/* End PBXProject section */

/* Begin PBXResourcesBuildPhase section */
		0A1CFF0114E502D200FCE2EA /* Resources */ = {
			isa = PBXResourcesBuildPhase;
			buildActionMask = 2147483647;
			files = (
				0A1CFF2614E507BA00FCE2EA /* InfoPlist.strings in Resources */,
				0A1CFF2914E508AB00FCE2EA /* MainView.xib in Resources */,
			);
			runOnlyForDeploymentPostprocessing = 0;
		};
/* End PBXResourcesBuildPhase section */

/* Begin PBXSourcesBuildPhase section */
		0A1CFEFF14E502D200FCE2EA /* Sources */ = {
			isa = PBXSourcesBuildPhase;
			buildActionMask = 2147483647;
			files = (
				0A1CFF1414E502D200FCE2EA /* main.m in Sources */,
				0A1CFF1814E502D200FCE2EA /* AppDelegate.m in Sources */,
				0A1CFF3C14E5140100FCE2EA /* BaseController.m in Sources */,
				0AAF3F2114EE7571004F2A1D /* ASIAuthenticationDialog.m in Sources */,
				0AAF3F2214EE7571004F2A1D /* ASIDataCompressor.m in Sources */,
				0AAF3F2314EE7571004F2A1D /* ASIDataDecompressor.m in Sources */,
				0AAF3F2414EE7571004F2A1D /* ASIDownloadCache.m in Sources */,
				0AAF3F2514EE7571004F2A1D /* ASIFormDataRequest.m in Sources */,
				0AAF3F2614EE7571004F2A1D /* ASIHTTPRequest.m in Sources */,
				0AAF3F2714EE7571004F2A1D /* ASIInputStream.m in Sources */,
				0AAF3F2814EE7571004F2A1D /* ASINetworkQueue.m in Sources */,
				0AAF3F4914EE757D004F2A1D /* Reachability.m in Sources */,
			);
			runOnlyForDeploymentPostprocessing = 0;
		};
/* End PBXSourcesBuildPhase section */

/* Begin XCBuildConfiguration section */
		0A1CFF1914E502D200FCE2EA /* Debug */ = {
			isa = XCBuildConfiguration;
			buildSettings = {
				ALWAYS_SEARCH_USER_PATHS = NO;
				ARCHS = "$(ARCHS_STANDARD_32_BIT)";
				CODE_SIGN_IDENTITY = "iPhone Developer";
				"CODE_SIGN_IDENTITY[sdk=iphoneos*]" = "iPhone Developer";
				COPY_PHASE_STRIP = NO;
				GCC_C_LANGUAGE_STANDARD = gnu99;
				GCC_DYNAMIC_NO_PIC = NO;
				GCC_OPTIMIZATION_LEVEL = 0;
				GCC_PREPROCESSOR_DEFINITIONS = (
					"DEBUG=1",
					"$(inherited)",
				);
				GCC_SYMBOLS_PRIVATE_EXTERN = NO;
				GCC_VERSION = com.apple.compilers.llvm.clang.1_0;
				GCC_WARN_ABOUT_MISSING_PROTOTYPES = YES;
				GCC_WARN_ABOUT_RETURN_TYPE = YES;
				GCC_WARN_UNUSED_VARIABLE = YES;
				IPHONEOS_DEPLOYMENT_TARGET = 5.0;
				PROVISIONING_PROFILE = "";
				SDKROOT = iphoneos;
			};
			name = Debug;
		};
		0A1CFF1A14E502D200FCE2EA /* Release */ = {
			isa = XCBuildConfiguration;
			buildSettings = {
				ALWAYS_SEARCH_USER_PATHS = NO;
				ARCHS = "$(ARCHS_STANDARD_32_BIT)";
				CODE_SIGN_IDENTITY = "iPhone Developer";
				"CODE_SIGN_IDENTITY[sdk=iphoneos*]" = "iPhone Developer";
				COPY_PHASE_STRIP = YES;
				GCC_C_LANGUAGE_STANDARD = gnu99;
				GCC_VERSION = com.apple.compilers.llvm.clang.1_0;
				GCC_WARN_ABOUT_MISSING_PROTOTYPES = YES;
				GCC_WARN_ABOUT_RETURN_TYPE = YES;
				GCC_WARN_UNUSED_VARIABLE = YES;
				IPHONEOS_DEPLOYMENT_TARGET = 5.0;
				OTHER_CFLAGS = "-DNS_BLOCK_ASSERTIONS=1";
				PROVISIONING_PROFILE = "";
				SDKROOT = iphoneos;
				VALIDATE_PRODUCT = YES;
			};
			name = Release;
		};
		0A1CFF1C14E502D200FCE2EA /* Debug */ = {
			isa = XCBuildConfiguration;
			buildSettings = {
				FRAMEWORK_SEARCH_PATHS = (
					"$(inherited)",
				);
				GCC_PRECOMPILE_PREFIX_HEADER = YES;
				GCC_PREFIX_HEADER = "";
				INFOPLIST_FILE = Info.plist;
				PRODUCT_NAME = "$(TARGET_NAME)";
				WRAPPER_EXTENSION = app;
			};
			name = Debug;
		};
		0A1CFF1D14E502D200FCE2EA /* Release */ = {
			isa = XCBuildConfiguration;
			buildSettings = {
				FRAMEWORK_SEARCH_PATHS = (
					"$(inherited)",
				);
				GCC_PRECOMPILE_PREFIX_HEADER = YES;
				GCC_PREFIX_HEADER = "";
				INFOPLIST_FILE = Info.plist;
				PRODUCT_NAME = "$(TARGET_NAME)";
				WRAPPER_EXTENSION = app;
			};
			name = Release;
		};
/* End XCBuildConfiguration section */

/* Begin XCConfigurationList section */
		0A1CFEFD14E502D200FCE2EA /* Build configuration list for PBXProject "PostIMKayac" */ = {
			isa = XCConfigurationList;
			buildConfigurations = (
				0A1CFF1914E502D200FCE2EA /* Debug */,
				0A1CFF1A14E502D200FCE2EA /* Release */,
			);
			defaultConfigurationIsVisible = 0;
			defaultConfigurationName = Release;
		};
		0A1CFF1B14E502D200FCE2EA /* Build configuration list for PBXNativeTarget "PostIMKayac" */ = {
			isa = XCConfigurationList;
			buildConfigurations = (
				0A1CFF1C14E502D200FCE2EA /* Debug */,
				0A1CFF1D14E502D200FCE2EA /* Release */,
			);
			defaultConfigurationIsVisible = 0;
			defaultConfigurationName = Release;
		};
/* End XCConfigurationList section */
	};
	rootObject = 0A1CFEFA14E502D200FCE2EA /* Project object */;
}
